// !$*UTF8*$!
{
	archiveVersion = 1;
	classes = {
	};
	objectVersion = 56;
	objects = {

/* Begin PBXBuildFile section */
		E00001 /* ModelPosApp.swift in Sources */ = {isa = PBXBuildFile; fileRef = F00001 /* ModelPosApp.swift */; };
		E00002 /* AppState.swift in Sources */ = {isa = PBXBuildFile; fileRef = F00002 /* AppState.swift */; };
		E00003 /* TokenStorage.swift in Sources */ = {isa = PBXBuildFile; fileRef = F00003 /* TokenStorage.swift */; };
		E00004 /* AppConfig.swift in Sources */ = {isa = PBXBuildFile; fileRef = F00004 /* AppConfig.swift */; };
		E00005 /* APIModels.swift in Sources */ = {isa = PBXBuildFile; fileRef = F00005 /* APIModels.swift */; };
		E00006 /* CachedModels.swift in Sources */ = {isa = PBXBuildFile; fileRef = F00006 /* CachedModels.swift */; };
		E00007 /* APIClient.swift in Sources */ = {isa = PBXBuildFile; fileRef = F00007 /* APIClient.swift */; };
		E00008 /* BluetoothService.swift in Sources */ = {isa = PBXBuildFile; fileRef = F00008 /* BluetoothService.swift */; };
		E00009 /* PostureMonitorService.swift in Sources */ = {isa = PBXBuildFile; fileRef = F00009 /* PostureMonitorService.swift */; };
		E00010 /* RootView.swift in Sources */ = {isa = PBXBuildFile; fileRef = F00010 /* RootView.swift */; };
		E00011 /* AuthNavigationView.swift in Sources */ = {isa = PBXBuildFile; fileRef = F00011 /* AuthNavigationView.swift */; };
		E00012 /* MainTabView.swift in Sources */ = {isa = PBXBuildFile; fileRef = F00012 /* MainTabView.swift */; };
		E00013 /* HomeView.swift in Sources */ = {isa = PBXBuildFile; fileRef = F00013 /* HomeView.swift */; };
		E00014 /* StatsView.swift in Sources */ = {isa = PBXBuildFile; fileRef = F00014 /* StatsView.swift */; };
		E00015 /* DevicesView.swift in Sources */ = {isa = PBXBuildFile; fileRef = F00015 /* DevicesView.swift */; };
		E00016 /* ProfileView.swift in Sources */ = {isa = PBXBuildFile; fileRef = F00016 /* ProfileView.swift */; };
		E00017 /* CommonComponents.swift in Sources */ = {isa = PBXBuildFile; fileRef = F00017 /* CommonComponents.swift */; };
		E00018 /* Extensions.swift in Sources */ = {isa = PBXBuildFile; fileRef = F00018 /* Extensions.swift */; };
		E00019 /* Assets.xcassets in Resources */ = {isa = PBXBuildFile; fileRef = F00019 /* Assets.xcassets */; };
/* End PBXBuildFile section */

/* Begin PBXFileReference section */
		F00000 /* ModelPos.app */ = {isa = PBXFileReference; explicitFileType = wrapper.application; includeInIndex = 0; path = ModelPos.app; sourceTree = BUILT_PRODUCTS_DIR; };
		F00001 /* ModelPosApp.swift */ = {isa = PBXFileReference; lastKnownFileType = sourcecode.swift; path = ModelPosApp.swift; sourceTree = "<group>"; };
		F00002 /* AppState.swift */ = {isa = PBXFileReference; lastKnownFileType = sourcecode.swift; path = AppState.swift; sourceTree = "<group>"; };
		F00003 /* TokenStorage.swift */ = {isa = PBXFileReference; lastKnownFileType = sourcecode.swift; path = TokenStorage.swift; sourceTree = "<group>"; };
		F00004 /* AppConfig.swift */ = {isa = PBXFileReference; lastKnownFileType = sourcecode.swift; path = AppConfig.swift; sourceTree = "<group>"; };
		F00005 /* APIModels.swift */ = {isa = PBXFileReference; lastKnownFileType = sourcecode.swift; path = APIModels.swift; sourceTree = "<group>"; };
		F00006 /* CachedModels.swift */ = {isa = PBXFileReference; lastKnownFileType = sourcecode.swift; path = CachedModels.swift; sourceTree = "<group>"; };
		F00007 /* APIClient.swift */ = {isa = PBXFileReference; lastKnownFileType = sourcecode.swift; path = APIClient.swift; sourceTree = "<group>"; };
		F00008 /* BluetoothService.swift */ = {isa = PBXFileReference; lastKnownFileType = sourcecode.swift; path = BluetoothService.swift; sourceTree = "<group>"; };
		F00009 /* PostureMonitorService.swift */ = {isa = PBXFileReference; lastKnownFileType = sourcecode.swift; path = PostureMonitorService.swift; sourceTree = "<group>"; };
		F00010 /* RootView.swift */ = {isa = PBXFileReference; lastKnownFileType = sourcecode.swift; path = RootView.swift; sourceTree = "<group>"; };
		F00011 /* AuthNavigationView.swift */ = {isa = PBXFileReference; lastKnownFileType = sourcecode.swift; path = AuthNavigationView.swift; sourceTree = "<group>"; };
		F00012 /* MainTabView.swift */ = {isa = PBXFileReference; lastKnownFileType = sourcecode.swift; path = MainTabView.swift; sourceTree = "<group>"; };
		F00013 /* HomeView.swift */ = {isa = PBXFileReference; lastKnownFileType = sourcecode.swift; path = HomeView.swift; sourceTree = "<group>"; };
		F00014 /* StatsView.swift */ = {isa = PBXFileReference; lastKnownFileType = sourcecode.swift; path = StatsView.swift; sourceTree = "<group>"; };
		F00015 /* DevicesView.swift */ = {isa = PBXFileReference; lastKnownFileType = sourcecode.swift; path = DevicesView.swift; sourceTree = "<group>"; };
		F00016 /* ProfileView.swift */ = {isa = PBXFileReference; lastKnownFileType = sourcecode.swift; path = ProfileView.swift; sourceTree = "<group>"; };
		F00017 /* CommonComponents.swift */ = {isa = PBXFileReference; lastKnownFileType = sourcecode.swift; path = CommonComponents.swift; sourceTree = "<group>"; };
		F00018 /* Extensions.swift */ = {isa = PBXFileReference; lastKnownFileType = sourcecode.swift; path = Extensions.swift; sourceTree = "<group>"; };
		F00019 /* Assets.xcassets */ = {isa = PBXFileReference; lastKnownFileType = folder.assetcatalog; path = Assets.xcassets; sourceTree = "<group>"; };
		F00020 /* Info.plist */ = {isa = PBXFileReference; lastKnownFileType = text.plist.xml; path = Info.plist; sourceTree = "<group>"; };
/* End PBXFileReference section */

/* Begin PBXFrameworksBuildPhase section */
		E00020 /* Frameworks */ = {
			isa = PBXFrameworksBuildPhase;
			buildActionMask = 2147483647;
			files = (
			);
			runOnlyForDeploymentPostprocessing = 0;
		};
/* End PBXFrameworksBuildPhase section */

/* Begin PBXGroup section */
		G00000 = {
			isa = PBXGroup;
			children = (
				G00001 /* ModelPos */,
				G00002 /* Products */,
			);
			sourceTree = "<group>";
		};
		G00001 /* ModelPos */ = {
			isa = PBXGroup;
			children = (
				F00001 /* ModelPosApp.swift */,
				G00003 /* App */,
				G00004 /* Models */,
				G00005 /* Services */,
				G00006 /* Views */,
				G00010 /* Extensions */,
				G00011 /* Resources */,
				F00020 /* Info.plist */,
			);
			path = ModelPos;
			sourceTree = "<group>";
		};
		G00002 /* Products */ = {
			isa = PBXGroup;
			children = (
				F00000 /* ModelPos.app */,
			);
			name = Products;
			sourceTree = "<group>";
		};
		G00003 /* App */ = {
			isa = PBXGroup;
			children = (
				F00002 /* AppState.swift */,
				F00003 /* TokenStorage.swift */,
				F00004 /* AppConfig.swift */,
			);
			path = App;
			sourceTree = "<group>";
		};
		G00004 /* Models */ = {
			isa = PBXGroup;
			children = (
				F00005 /* APIModels.swift */,
				F00006 /* CachedModels.swift */,
			);
			path = Models;
			sourceTree = "<group>";
		};
		G00005 /* Services */ = {
			isa = PBXGroup;
			children = (
				F00007 /* APIClient.swift */,
				F00008 /* BluetoothService.swift */,
				F00009 /* PostureMonitorService.swift */,
			);
			path = Services;
			sourceTree = "<group>";
		};
		G00006 /* Views */ = {
			isa = PBXGroup;
			children = (
				F00010 /* RootView.swift */,
				G00007 /* Auth */,
				G00008 /* Main */,
				G00009 /* Components */,
			);
			path = Views;
			sourceTree = "<group>";
		};
		G00007 /* Auth */ = {
			isa = PBXGroup;
			children = (
				F00011 /* AuthNavigationView.swift */,
			);
			path = Auth;
			sourceTree = "<group>";
		};
		G00008 /* Main */ = {
			isa = PBXGroup;
			children = (
				F00012 /* MainTabView.swift */,
				F00013 /* HomeView.swift */,
				F00014 /* StatsView.swift */,
				F00015 /* DevicesView.swift */,
				F00016 /* ProfileView.swift */,
			);
			path = Main;
			sourceTree = "<group>";
		};
		G00009 /* Components */ = {
			isa = PBXGroup;
			children = (
				F00017 /* CommonComponents.swift */,
			);
			path = Components;
			sourceTree = "<group>";
		};
		G00010 /* Extensions */ = {
			isa = PBXGroup;
			children = (
				F00018 /* Extensions.swift */,
			);
			path = Extensions;
			sourceTree = "<group>";
		};
		G00011 /* Resources */ = {
			isa = PBXGroup;
			children = (
				F00019 /* Assets.xcassets */,
			);
			path = Resources;
			sourceTree = "<group>";
		};
/* End PBXGroup section */

/* Begin PBXNativeTarget section */
		T00000 /* ModelPos */ = {
			isa = PBXNativeTarget;
			buildConfigurationList = C00002 /* Build configuration list for PBXNativeTarget "ModelPos" */;
			buildPhases = (
				E00021 /* Sources */,
				E00020 /* Frameworks */,
				E00022 /* Resources */,
			);
			buildRules = (
			);
			dependencies = (
			);
			name = ModelPos;
			productName = ModelPos;
			productReference = F00000 /* ModelPos.app */;
			productType = "com.apple.product-type.application";
		};
/* End PBXNativeTarget section */

/* Begin PBXProject section */
		P00000 /* Project object */ = {
			isa = PBXProject;
			attributes = {
				BuildIndependentTargetsInParallel = 1;
				LastSwiftUpdateCheck = 1500;
				LastUpgradeCheck = 1500;
				TargetAttributes = {
					T00000 = {
						CreatedOnToolsVersion = 15.0;
					};
				};
			};
			buildConfigurationList = C00001 /* Build configuration list for PBXProject "ModelPos" */;
			compatibilityVersion = "Xcode 14.0";
			developmentRegion = "zh-Hans";
			hasScannedForEncodings = 0;
			knownRegions = (
				en,
				Base,
				"zh-Hans",
			);
			mainGroup = G00000;
			productRefGroup = G00002 /* Products */;
			projectDirPath = "";
			projectRoot = "";
			targets = (
				T00000 /* ModelPos */,
			);
		};
/* End PBXProject section */

/* Begin PBXResourcesBuildPhase section */
		E00022 /* Resources */ = {
			isa = PBXResourcesBuildPhase;
			buildActionMask = 2147483647;
			files = (
				E00019 /* Assets.xcassets in Resources */,
			);
			runOnlyForDeploymentPostprocessing = 0;
		};
/* End PBXResourcesBuildPhase section */

/* Begin PBXSourcesBuildPhase section */
		E00021 /* Sources */ = {
			isa = PBXSourcesBuildPhase;
			buildActionMask = 2147483647;
			files = (
				E00001 /* ModelPosApp.swift in Sources */,
				E00002 /* AppState.swift in Sources */,
				E00003 /* TokenStorage.swift in Sources */,
				E00004 /* AppConfig.swift in Sources */,
				E00005 /* APIModels.swift in Sources */,
				E00006 /* CachedModels.swift in Sources */,
				E00007 /* APIClient.swift in Sources */,
				E00008 /* BluetoothService.swift in Sources */,
				E00009 /* PostureMonitorService.swift in Sources */,
				E00010 /* RootView.swift in Sources */,
				E00011 /* AuthNavigationView.swift in Sources */,
				E00012 /* MainTabView.swift in Sources */,
				E00013 /* HomeView.swift in Sources */,
				E00014 /* StatsView.swift in Sources */,
				E00015 /* DevicesView.swift in Sources */,
				E00016 /* ProfileView.swift in Sources */,
				E00017 /* CommonComponents.swift in Sources */,
				E00018 /* Extensions.swift in Sources */,
			);
			runOnlyForDeploymentPostprocessing = 0;
		};
/* End PBXSourcesBuildPhase section */

/* Begin XCBuildConfiguration section */
		B00001 /* Debug */ = {
			isa = XCBuildConfiguration;
			buildSettings = {
				ALWAYS_SEARCH_USER_PATHS = NO;
				ASSETCATALOG_COMPILER_GENERATE_SWIFT_ASSET_SYMBOL_EXTENSIONS = YES;
				CLANG_ANALYZER_NONNULL = YES;
				CLANG_ANALYZER_NUMBER_OBJECT_CONVERSION = YES_AGGRESSIVE;
				CLANG_CXX_LANGUAGE_STANDARD = "gnu++20";
				CLANG_ENABLE_MODULES = YES;
				CLANG_ENABLE_OBJC_ARC = YES;
				CLANG_ENABLE_OBJC_WEAK = YES;
				CLANG_WARN_BLOCK_CAPTURE_AUTORELEASING = YES;
				CLANG_WARN_BOOL_CONVERSION = YES;
				CLANG_WARN_COMMA = YES;
				CLANG_WARN_CONSTANT_CONVERSION = YES;
				CLANG_WARN_DEPRECATED_OBJC_IMPLEMENTATIONS = YES;
				CLANG_WARN_DIRECT_OBJC_ISA_USAGE = YES_ERROR;
				CLANG_WARN_DOCUMENTATION_COMMENTS = YES;
				CLANG_WARN_EMPTY_BODY = YES;
				CLANG_WARN_ENUM_CONVERSION = YES;
				CLANG_WARN_INFINITE_RECURSION = YES;
				CLANG_WARN_INT_CONVERSION = YES;
				CLANG_WARN_NON_LITERAL_NULL_CONVERSION = YES;
				CLANG_WARN_OBJC_IMPLICIT_RETAIN_SELF = YES;
				CLANG_WARN_OBJC_LITERAL_CONVERSION = YES;
				CLANG_WARN_OBJC_ROOT_CLASS = YES_ERROR;
				CLANG_WARN_QUOTED_INCLUDE_IN_FRAMEWORK_HEADER = YES;
				CLANG_WARN_RANGE_LOOP_ANALYSIS = YES;
				CLANG_WARN_STRICT_PROTOTYPES = YES;
				CLANG_WARN_SUSPICIOUS_MOVE = YES;
				CLANG_WARN_UNGUARDED_AVAILABILITY = YES_AGGRESSIVE;
				CLANG_WARN_UNREACHABLE_CODE = YES;
				CLANG_WARN__DUPLICATE_METHOD_MATCH = YES;
				COPY_PHASE_STRIP = NO;
				DEBUG_INFORMATION_FORMAT = dwarf;
				ENABLE_STRICT_OBJC_MSGSEND = YES;
				ENABLE_TESTABILITY = YES;
				ENABLE_USER_SCRIPT_SANDBOXING = YES;
				GCC_C_LANGUAGE_STANDARD = gnu17;
				GCC_DYNAMIC_NO_PIC = NO;
				GCC_NO_COMMON_BLOCKS = YES;
				GCC_OPTIMIZATION_LEVEL = 0;
				GCC_PREPROCESSOR_DEFINITIONS = (
					"DEBUG=1",
					"$(inherited)",
				);
				GCC_WARN_64_TO_32_BIT_CONVERSION = YES;
				GCC_WARN_ABOUT_RETURN_TYPE = YES_ERROR;
				GCC_WARN_UNDECLARED_SELECTOR = YES;
				GCC_WARN_UNINITIALIZED_AUTOS = YES_AGGRESSIVE;
				GCC_WARN_UNUSED_FUNCTION = YES;
				GCC_WARN_UNUSED_VARIABLE = YES;
				IPHONEOS_DEPLOYMENT_TARGET = 17.0;
				LOCALIZATION_PREFERS_STRING_CATALOGS = YES;
				MTL_ENABLE_DEBUG_INFO = INCLUDE_SOURCE;
				MTL_FAST_MATH = YES;
				ONLY_ACTIVE_ARCH = YES;
				SDKROOT = iphoneos;
				SWIFT_ACTIVE_COMPILATION_CONDITIONS = "DEBUG $(inherited)";
				SWIFT_OPTIMIZATION_LEVEL = "-Onone";
			};
			name = Debug;
		};
		B00002 /* Release */ = {
			isa = XCBuildConfiguration;
			buildSettings = {
				ALWAYS_SEARCH_USER_PATHS = NO;
				ASSETCATALOG_COMPILER_GENERATE_SWIFT_ASSET_SYMBOL_EXTENSIONS = YES;
				CLANG_ANALYZER_NONNULL = YES;
				CLANG_ANALYZER_NUMBER_OBJECT_CONVERSION = YES_AGGRESSIVE;
				CLANG_CXX_LANGUAGE_STANDARD = "gnu++20";
				CLANG_ENABLE_MODULES = YES;
				CLANG_ENABLE_OBJC_ARC = YES;
				CLANG_ENABLE_OBJC_WEAK = YES;
				CLANG_WARN_BLOCK_CAPTURE_AUTORELEASING = YES;
				CLANG_WARN_BOOL_CONVERSION = YES;
				CLANG_WARN_COMMA = YES;
				CLANG_WARN_CONSTANT_CONVERSION = YES;
				CLANG_WARN_DEPRECATED_OBJC_IMPLEMENTATIONS = YES;
				CLANG_WARN_DIRECT_OBJC_ISA_USAGE = YES_ERROR;
				CLANG_WARN_DOCUMENTATION_COMMENTS = YES;
				CLANG_WARN_EMPTY_BODY = YES;
				CLANG_WARN_ENUM_CONVERSION = YES;
				CLANG_WARN_INFINITE_RECURSION = YES;
				CLANG_WARN_INT_CONVERSION = YES;
				CLANG_WARN_NON_LITERAL_NULL_CONVERSION = YES;
				CLANG_WARN_OBJC_IMPLICIT_RETAIN_SELF = YES;
				CLANG_WARN_OBJC_LITERAL_CONVERSION = YES;
				CLANG_WARN_OBJC_ROOT_CLASS = YES_ERROR;
				CLANG_WARN_QUOTED_INCLUDE_IN_FRAMEWORK_HEADER = YES;
				CLANG_WARN_RANGE_LOOP_ANALYSIS = YES;
				CLANG_WARN_STRICT_PROTOTYPES = YES;
				CLANG_WARN_SUSPICIOUS_MOVE = YES;
				CLANG_WARN_UNGUARDED_AVAILABILITY = YES_AGGRESSIVE;
				CLANG_WARN_UNREACHABLE_CODE = YES;
				CLANG_WARN__DUPLICATE_METHOD_MATCH = YES;
				COPY_PHASE_STRIP = NO;
				DEBUG_INFORMATION_FORMAT = "dwarf-with-dsym";
				ENABLE_NS_ASSERTIONS = NO;
				ENABLE_STRICT_OBJC_MSGSEND = YES;
				ENABLE_USER_SCRIPT_SANDBOXING = YES;
				GCC_C_LANGUAGE_STANDARD = gnu17;
				GCC_NO_COMMON_BLOCKS = YES;
				GCC_WARN_64_TO_32_BIT_CONVERSION = YES;
				GCC_WARN_ABOUT_RETURN_TYPE = YES_ERROR;
				GCC_WARN_UNDECLARED_SELECTOR = YES;
				GCC_WARN_UNINITIALIZED_AUTOS = YES_AGGRESSIVE;
				GCC_WARN_UNUSED_FUNCTION = YES;
				GCC_WARN_UNUSED_VARIABLE = YES;
				IPHONEOS_DEPLOYMENT_TARGET = 17.0;
				LOCALIZATION_PREFERS_STRING_CATALOGS = YES;
				MTL_ENABLE_DEBUG_INFO = NO;
				MTL_FAST_MATH = YES;
				SDKROOT = iphoneos;
				SWIFT_COMPILATION_MODE = wholemodule;
				VALIDATE_PRODUCT = YES;
			};
			name = Release;
		};
		B00003 /* Debug */ = {
			isa = XCBuildConfiguration;
			buildSettings = {
				ASSETCATALOG_COMPILER_APPICON_NAME = AppIcon;
				ASSETCATALOG_COMPILER_GLOBAL_ACCENT_COLOR_NAME = AccentColor;
				CODE_SIGN_STYLE = Automatic;
				CURRENT_PROJECT_VERSION = 1;
				DEVELOPMENT_TEAM = 2QVRFBV6BH;
				ENABLE_PREVIEWS = YES;
				GENERATE_INFOPLIST_FILE = YES;
				INFOPLIST_FILE = ModelPos/Info.plist;
				INFOPLIST_KEY_CFBundleDisplayName = "北岛姿态";
				INFOPLIST_KEY_LSApplicationCategoryType = "public.app-category.healthcare-fitness";
				INFOPLIST_KEY_NSBluetoothAlwaysUsageDescription = "北岛需要使用蓝牙连接姿态探测器设备，以获取实时姿态数据并提供矫正反馈。";
				INFOPLIST_KEY_UIApplicationSceneManifest_Generation = YES;
				INFOPLIST_KEY_UIApplicationSupportsIndirectInputEvents = YES;
				INFOPLIST_KEY_UILaunchScreen_Generation = YES;
				INFOPLIST_KEY_UISupportedInterfaceOrientations = UIInterfaceOrientationPortrait;
				INFOPLIST_KEY_UISupportedInterfaceOrientations_iPad = "UIInterfaceOrientationLandscapeLeft UIInterfaceOrientationLandscapeRight UIInterfaceOrientationPortrait UIInterfaceOrientationPortraitUpsideDown";
				LD_RUNPATH_SEARCH_PATHS = (
					"$(inherited)",
					"@executable_path/Frameworks",
				);
				MARKETING_VERSION = 1.0.0;
				PRODUCT_BUNDLE_IDENTIFIER = com.beidao.modelpos;
				PRODUCT_NAME = "$(TARGET_NAME)";
				SUPPORTED_PLATFORMS = "iphoneos iphonesimulator";
				SUPPORTS_MACCATALYST = NO;
				SWIFT_EMIT_LOC_STRINGS = YES;
				SWIFT_VERSION = 5.0;
				TARGETED_DEVICE_FAMILY = "1,2";
			};
			name = Debug;
		};
		B00004 /* Release */ = {
			isa = XCBuildConfiguration;
			buildSettings = {
				ASSETCATALOG_COMPILER_APPICON_NAME = AppIcon;
				ASSETCATALOG_COMPILER_GLOBAL_ACCENT_COLOR_NAME = AccentColor;
				CODE_SIGN_STYLE = Automatic;
				CURRENT_PROJECT_VERSION = 1;
				DEVELOPMENT_TEAM = 2QVRFBV6BH;
				ENABLE_PREVIEWS = YES;
				GENERATE_INFOPLIST_FILE = YES;
				INFOPLIST_FILE = ModelPos/Info.plist;
				INFOPLIST_KEY_CFBundleDisplayName = "北岛姿态";
				INFOPLIST_KEY_LSApplicationCategoryType = "public.app-category.healthcare-fitness";
				INFOPLIST_KEY_NSBluetoothAlwaysUsageDescription = "北岛需要使用蓝牙连接姿态探测器设备，以获取实时姿态数据并提供矫正反馈。";
				INFOPLIST_KEY_UIApplicationSceneManifest_Generation = YES;
				INFOPLIST_KEY_UIApplicationSupportsIndirectInputEvents = YES;
				INFOPLIST_KEY_UILaunchScreen_Generation = YES;
				INFOPLIST_KEY_UISupportedInterfaceOrientations = UIInterfaceOrientationPortrait;
				INFOPLIST_KEY_UISupportedInterfaceOrientations_iPad = "UIInterfaceOrientationLandscapeLeft UIInterfaceOrientationLandscapeRight UIInterfaceOrientationPortrait UIInterfaceOrientationPortraitUpsideDown";
				LD_RUNPATH_SEARCH_PATHS = (
					"$(inherited)",
					"@executable_path/Frameworks",
				);
				MARKETING_VERSION = 1.0.0;
				PRODUCT_BUNDLE_IDENTIFIER = com.beidao.modelpos;
				PRODUCT_NAME = "$(TARGET_NAME)";
				SUPPORTED_PLATFORMS = "iphoneos iphonesimulator";
				SUPPORTS_MACCATALYST = NO;
				SWIFT_EMIT_LOC_STRINGS = YES;
				SWIFT_VERSION = 5.0;
				TARGETED_DEVICE_FAMILY = "1,2";
			};
			name = Release;
		};
/* End XCBuildConfiguration section */

/* Begin XCConfigurationList section */
		C00001 /* Build configuration list for PBXProject "ModelPos" */ = {
			isa = XCConfigurationList;
			buildConfigurations = (
				B00001 /* Debug */,
				B00002 /* Release */,
			);
			defaultConfigurationIsVisible = 0;
			defaultConfigurationName = Release;
		};
		C00002 /* Build configuration list for PBXNativeTarget "ModelPos" */ = {
			isa = XCConfigurationList;
			buildConfigurations = (
				B00003 /* Debug */,
				B00004 /* Release */,
			);
			defaultConfigurationIsVisible = 0;
			defaultConfigurationName = Release;
		};
/* End XCConfigurationList section */
	};
	rootObject = P00000 /* Project object */;
}
